# THIS IS AN AUTOGENERATED FILE. DO NOT EDIT THIS FILE DIRECTLY.
# yarn lockfile v1


"@hapi/address@^2.1.2":
  version "2.1.2"
  resolved "https://registry.yarnpkg.com/@hapi/address/-/address-2.1.2.tgz#1c794cd6dbf2354d1eb1ef10e0303f573e1c7222"
  integrity sha512-O4QDrx+JoGKZc6aN64L04vqa7e41tIiLU+OvKdcYaEMP97UttL0f9GIi9/0A4WAMx0uBd6SidDIhktZhgOcN8Q==

"@hapi/formula@^1.2.0":
  version "1.2.0"
  resolved "https://registry.yarnpkg.com/@hapi/formula/-/formula-1.2.0.tgz#994649c7fea1a90b91a0a1e6d983523f680e10cd"
  integrity sha512-UFbtbGPjstz0eWHb+ga/GM3Z9EzqKXFWIbSOFURU0A/Gku0Bky4bCk9/h//K2Xr3IrCfjFNhMm4jyZ5dbCewGA==

"@hapi/hoek@8.x.x", "@hapi/hoek@^8.2.4":
  version "8.2.5"
  resolved "https://registry.yarnpkg.com/@hapi/hoek/-/hoek-8.2.5.tgz#b307d3f1aced22e05bd6a2403c302eaebb577da3"
  integrity sha512-rmGFzok1zR3xZKd5m3ihWdqafXFxvPHoQ/78+AG5URKbEbJiwBBfRgzbu+07W5f3+07JRshw6QqGbVmCp8ntig==

"@hapi/joi@^16.1.5":
  version "16.1.5"
  resolved "https://registry.yarnpkg.com/@hapi/joi/-/joi-16.1.5.tgz#06bdfec1084f46bff6be8f6b4076d8314c81cea2"
  integrity sha512-FnVe0t1YQbF0H4fhFM6qBL7lIP4wdVHdFFBkloxgCkpKKdaCB6Z2UaNI0UalaDRHbRM9BvfTfyUKJg7tGtBSXg==
  dependencies:
    "@hapi/address" "^2.1.2"
    "@hapi/formula" "^1.2.0"
    "@hapi/hoek" "^8.2.4"
    "@hapi/pinpoint" "^1.0.2"
    "@hapi/topo" "^3.1.3"

"@hapi/pinpoint@^1.0.2":
  version "1.0.2"
  resolved "https://registry.yarnpkg.com/@hapi/pinpoint/-/pinpoint-1.0.2.tgz#025b7a36dbbf4d35bf1acd071c26b20ef41e0d13"
  integrity sha512-dtXC/WkZBfC5vxscazuiJ6iq4j9oNx1SHknmIr8hofarpKUZKmlUVYVIhNVzIEgK5Wrc4GMHL5lZtt1uS2flmQ==

"@hapi/topo@^3.1.3":
  version "3.1.4"
  resolved "https://registry.yarnpkg.com/@hapi/topo/-/topo-3.1.4.tgz#42e2fe36f593d90ad258a08b582be128c141c45d"
  integrity sha512-aVWQTOI9wBD6zawmOr6f+tdEIxQC8JXfQVLTjgGe8YEStAWGn/GNNVTobKJhbWKveQj2RyYF3oYbO9SC8/eOCA==
  dependencies:
    "@hapi/hoek" "8.x.x"
